
Microsoft Visual Studio Solution File, Format Version 12.00
# Visual Studio 2012
Project("{F184B08F-C81C-45F6-A57F-5ABD9991F28F}") = "CheckInManagement", "CheckInManagement\CheckInManagement.vbproj", "{2AFDED30-28BB-4B4C-9792-8327A877ABCE}"
EndProject
Global
	GlobalSection(SolutionConfigurationPlatforms) = preSolution
		Debug|Any CPU = Debug|Any CPU
		Release|Any CPU = Release|Any CPU
	EndGlobalSection
	GlobalSection(ProjectConfigurationPlatforms) = postSolution
		{2AFDED30-28BB-4B4C-9792-8327A877ABCE}.Debug|Any CPU.ActiveCfg = Debug|Any CPU
		{2AFDED30-28BB-4B4C-9792-8327A877ABCE}.Debug|Any CPU.Build.0 = Debug|Any CPU
		{2AFDED30-28BB-4B4C-9792-8327A877ABCE}.Release|Any CPU.ActiveCfg = Release|Any CPU
		{2AFDED30-28BB-4B4C-9792-8327A877ABCE}.Release|Any CPU.Build.0 = Release|Any CPU
	EndGlobalSection
	GlobalSection(SolutionProperties) = preSolution
		HideSolutionNode = FALSE
	EndGlobalSection
EndGlobal
